
Microsoft Visual Studio Solution File, Format Version 12.00
# Visual Studio 2015
Project("{FAE04EC0-301F-11D3-BF4B-00C04F79EFBC}") = "GravityGolf.CSharp", "GravityGolf.CSharp.csproj", "{6C904B77-EB09-3E54-7A78-1E70705ED946}"
EndProject
Global
	GlobalSection(SolutionConfigurationPlatforms) = preSolution
		Debug|Any CPU = Debug|Any CPU
		Release|Any CPU = Release|Any CPU
	EndGlobalSection
	GlobalSection(ProjectConfigurationPlatforms) = postSolution
		{6C904B77-EB09-3E54-7A78-1E70705ED946}.Debug|Any CPU.ActiveCfg = Debug|Any CPU
		{6C904B77-EB09-3E54-7A78-1E70705ED946}.Debug|Any CPU.Build.0 = Debug|Any CPU
		{6C904B77-EB09-3E54-7A78-1E70705ED946}.Release|Any CPU.ActiveCfg = Release|Any CPU
		{6C904B77-EB09-3E54-7A78-1E70705ED946}.Release|Any CPU.Build.0 = Release|Any CPU
	EndGlobalSection
	GlobalSection(SolutionProperties) = preSolution
		HideSolutionNode = FALSE
	EndGlobalSection
EndGlobal
